
Microsoft Visual Studio Solution File, Format Version 12.00
# Visual Studio Version 16
VisualStudioVersion = 16.0.30503.244
MinimumVisualStudioVersion = 10.0.40219.1
Project("{FAE04EC0-301F-11D3-BF4B-00C04F79EFBC}") = "Movie Rental", "Movie Rental.csproj", "{9110B148-A7BA-4281-822B-598412FA5944}"
EndProject
Global
	GlobalSection(SolutionConfigurationPlatforms) = preSolution
		Debug|Any CPU = Debug|Any CPU
		Release|Any CPU = Release|Any CPU
	EndGlobalSection
	GlobalSection(ProjectConfigurationPlatforms) = postSolution
		{9110B148-A7BA-4281-822B-598412FA5944}.Debug|Any CPU.ActiveCfg = Debug|Any CPU
		{9110B148-A7BA-4281-822B-598412FA5944}.Debug|Any CPU.Build.0 = Debug|Any CPU
		{9110B148-A7BA-4281-822B-598412FA5944}.Release|Any CPU.ActiveCfg = Release|Any CPU
		{9110B148-A7BA-4281-822B-598412FA5944}.Release|Any CPU.Build.0 = Release|Any CPU
	EndGlobalSection
	GlobalSection(SolutionProperties) = preSolution
		HideSolutionNode = FALSE
	EndGlobalSection
	GlobalSection(ExtensibilityGlobals) = postSolution
		SolutionGuid = {3E1CE1E2-9E7C-47DE-8A90-8B67274D006F}
	EndGlobalSection
EndGlobal
